// !$*UTF8*$!
{
	archiveVersion = 1;
	classes = {
	};
	objectVersion = 46;
	objects = {

/* Begin PBXBuildFile section */
		375B0DE91E6F05640061100F /* AppDelegate.swift in Sources */ = {isa = PBXBuildFile; fileRef = 375B0DE81E6F05640061100F /* AppDelegate.swift */; };
		375B0DEB1E6F05640061100F /* ViewController.swift in Sources */ = {isa = PBXBuildFile; fileRef = 375B0DEA1E6F05640061100F /* ViewController.swift */; };
		375B0DEE1E6F05640061100F /* Main.storyboard in Resources */ = {isa = PBXBuildFile; fileRef = 375B0DEC1E6F05640061100F /* Main.storyboard */; };
		375B0DF01E6F05640061100F /* Assets.xcassets in Resources */ = {isa = PBXBuildFile; fileRef = 375B0DEF1E6F05640061100F /* Assets.xcassets */; };
		375B0DF31E6F05640061100F /* LaunchScreen.storyboard in Resources */ = {isa = PBXBuildFile; fileRef = 375B0DF11E6F05640061100F /* LaunchScreen.storyboard */; };
		375B0DFE1E6F05640061100F /* SimpleBrowserTests.swift in Sources */ = {isa = PBXBuildFile; fileRef = 375B0DFD1E6F05640061100F /* SimpleBrowserTests.swift */; };
		375B0E091E6F05640061100F /* SimpleBrowserUITests.swift in Sources */ = {isa = PBXBuildFile; fileRef = 375B0E081E6F05640061100F /* SimpleBrowserUITests.swift */; };
/* End PBXBuildFile section */

/* Begin PBXContainerItemProxy section */
		375B0DFA1E6F05640061100F /* PBXContainerItemProxy */ = {
			isa = PBXContainerItemProxy;
			containerPortal = 375B0DDD1E6F05630061100F /* Project object */;
			proxyType = 1;
			remoteGlobalIDString = 375B0DE41E6F05630061100F;
			remoteInfo = SimpleBrowser;
		};
		375B0E051E6F05640061100F /* PBXContainerItemProxy */ = {
			isa = PBXContainerItemProxy;
			containerPortal = 375B0DDD1E6F05630061100F /* Project object */;
			proxyType = 1;
			remoteGlobalIDString = 375B0DE41E6F05630061100F;
			remoteInfo = SimpleBrowser;
		};
/* End PBXContainerItemProxy section */

/* Begin PBXFileReference section */
		375B0DE51E6F05640061100F /* SimpleBrowser.app */ = {isa = PBXFileReference; explicitFileType = wrapper.application; includeInIndex = 0; path = SimpleBrowser.app; sourceTree = BUILT_PRODUCTS_DIR; };
		375B0DE81E6F05640061100F /* AppDelegate.swift */ = {isa = PBXFileReference; lastKnownFileType = sourcecode.swift; path = AppDelegate.swift; sourceTree = "<group>"; };
		375B0DEA1E6F05640061100F /* ViewController.swift */ = {isa = PBXFileReference; lastKnownFileType = sourcecode.swift; path = ViewController.swift; sourceTree = "<group>"; };
		375B0DED1E6F05640061100F /* Base */ = {isa = PBXFileReference; lastKnownFileType = file.storyboard; name = Base; path = Base.lproj/Main.storyboard; sourceTree = "<group>"; };
		375B0DEF1E6F05640061100F /* Assets.xcassets */ = {isa = PBXFileReference; lastKnownFileType = folder.assetcatalog; path = Assets.xcassets; sourceTree = "<group>"; };
		375B0DF21E6F05640061100F /* Base */ = {isa = PBXFileReference; lastKnownFileType = file.storyboard; name = Base; path = Base.lproj/LaunchScreen.storyboard; sourceTree = "<group>"; };
		375B0DF41E6F05640061100F /* Info.plist */ = {isa = PBXFileReference; lastKnownFileType = text.plist.xml; path = Info.plist; sourceTree = "<group>"; };
		375B0DF91E6F05640061100F /* SimpleBrowserTests.xctest */ = {isa = PBXFileReference; explicitFileType = wrapper.cfbundle; includeInIndex = 0; path = SimpleBrowserTests.xctest; sourceTree = BUILT_PRODUCTS_DIR; };
		375B0DFD1E6F05640061100F /* SimpleBrowserTests.swift */ = {isa = PBXFileReference; lastKnownFileType = sourcecode.swift; path = SimpleBrowserTests.swift; sourceTree = "<group>"; };
		375B0DFF1E6F05640061100F /* Info.plist */ = {isa = PBXFileReference; lastKnownFileType = text.plist.xml; path = Info.plist; sourceTree = "<group>"; };
		375B0E041E6F05640061100F /* SimpleBrowserUITests.xctest */ = {isa = PBXFileReference; explicitFileType = wrapper.cfbundle; includeInIndex = 0; path = SimpleBrowserUITests.xctest; sourceTree = BUILT_PRODUCTS_DIR; };
		375B0E081E6F05640061100F /* SimpleBrowserUITests.swift */ = {isa = PBXFileReference; lastKnownFileType = sourcecode.swift; path = SimpleBrowserUITests.swift; sourceTree = "<group>"; };
		375B0E0A1E6F05640061100F /* Info.plist */ = {isa = PBXFileReference; lastKnownFileType = text.plist.xml; path = Info.plist; sourceTree = "<group>"; };
/* End PBXFileReference section */

/* Begin PBXFrameworksBuildPhase section */
		375B0DE21E6F05630061100F /* Frameworks */ = {
			isa = PBXFrameworksBuildPhase;
			buildActionMask = 2147483647;
			files = (
			);
			runOnlyForDeploymentPostprocessing = 0;
		};
		375B0DF61E6F05640061100F /* Frameworks */ = {
			isa = PBXFrameworksBuildPhase;
			buildActionMask = 2147483647;
			files = (
			);
			runOnlyForDeploymentPostprocessing = 0;
		};
		375B0E011E6F05640061100F /* Frameworks */ = {
			isa = PBXFrameworksBuildPhase;
			buildActionMask = 2147483647;
			files = (
			);
			runOnlyForDeploymentPostprocessing = 0;
		};
/* End PBXFrameworksBuildPhase section */

/* Begin PBXGroup section */
		375B0DDC1E6F05630061100F = {
			isa = PBXGroup;
			children = (
				375B0DE71E6F05640061100F /* SimpleBrowser */,
				375B0DFC1E6F05640061100F /* SimpleBrowserTests */,
				375B0E071E6F05640061100F /* SimpleBrowserUITests */,
				375B0DE61E6F05640061100F /* Products */,
			);
			sourceTree = "<group>";
		};
		375B0DE61E6F05640061100F /* Products */ = {
			isa = PBXGroup;
			children = (
				375B0DE51E6F05640061100F /* SimpleBrowser.app */,
				375B0DF91E6F05640061100F /* SimpleBrowserTests.xctest */,
				375B0E041E6F05640061100F /* SimpleBrowserUITests.xctest */,
			);
			name = Products;
			sourceTree = "<group>";
		};
		375B0DE71E6F05640061100F /* SimpleBrowser */ = {
			isa = PBXGroup;
			children = (
				375B0DE81E6F05640061100F /* AppDelegate.swift */,
				375B0DEA1E6F05640061100F /* ViewController.swift */,
				375B0DEC1E6F05640061100F /* Main.storyboard */,
				375B0DEF1E6F05640061100F /* Assets.xcassets */,
				375B0DF11E6F05640061100F /* LaunchScreen.storyboard */,
				375B0DF41E6F05640061100F /* Info.plist */,
			);
			path = SimpleBrowser;
			sourceTree = "<group>";
		};
		375B0DFC1E6F05640061100F /* SimpleBrowserTests */ = {
			isa = PBXGroup;
			children = (
				375B0DFD1E6F05640061100F /* SimpleBrowserTests.swift */,
				375B0DFF1E6F05640061100F /* Info.plist */,
			);
			path = SimpleBrowserTests;
			sourceTree = "<group>";
		};
		375B0E071E6F05640061100F /* SimpleBrowserUITests */ = {
			isa = PBXGroup;
			children = (
				375B0E081E6F05640061100F /* SimpleBrowserUITests.swift */,
				375B0E0A1E6F05640061100F /* Info.plist */,
			);
			path = SimpleBrowserUITests;
			sourceTree = "<group>";
		};
/* End PBXGroup section */

/* Begin PBXNativeTarget section */
		375B0DE41E6F05630061100F /* SimpleBrowser */ = {
			isa = PBXNativeTarget;
			buildConfigurationList = 375B0E0D1E6F05640061100F /* Build configuration list for PBXNativeTarget "SimpleBrowser" */;
			buildPhases = (
				375B0DE11E6F05630061100F /* Sources */,
				375B0DE21E6F05630061100F /* Frameworks */,
				375B0DE31E6F05630061100F /* Resources */,
			);
			buildRules = (
			);
			dependencies = (
			);
			name = SimpleBrowser;
			productName = SimpleBrowser;
			productReference = 375B0DE51E6F05640061100F /* SimpleBrowser.app */;
			productType = "com.apple.product-type.application";
		};
		375B0DF81E6F05640061100F /* SimpleBrowserTests */ = {
			isa = PBXNativeTarget;
			buildConfigurationList = 375B0E101E6F05640061100F /* Build configuration list for PBXNativeTarget "SimpleBrowserTests" */;
			buildPhases = (
				375B0DF51E6F05640061100F /* Sources */,
				375B0DF61E6F05640061100F /* Frameworks */,
				375B0DF71E6F05640061100F /* Resources */,
			);
			buildRules = (
			);
			dependencies = (
				375B0DFB1E6F05640061100F /* PBXTargetDependency */,
			);
			name = SimpleBrowserTests;
			productName = SimpleBrowserTests;
			productReference = 375B0DF91E6F05640061100F /* SimpleBrowserTests.xctest */;
			productType = "com.apple.product-type.bundle.unit-test";
		};
		375B0E031E6F05640061100F /* SimpleBrowserUITests */ = {
			isa = PBXNativeTarget;
			buildConfigurationList = 375B0E131E6F05640061100F /* Build configuration list for PBXNativeTarget "SimpleBrowserUITests" */;
			buildPhases = (
				375B0E001E6F05640061100F /* Sources */,
				375B0E011E6F05640061100F /* Frameworks */,
				375B0E021E6F05640061100F /* Resources */,
			);
			buildRules = (
			);
			dependencies = (
				375B0E061E6F05640061100F /* PBXTargetDependency */,
			);
			name = SimpleBrowserUITests;
			productName = SimpleBrowserUITests;
			productReference = 375B0E041E6F05640061100F /* SimpleBrowserUITests.xctest */;
			productType = "com.apple.product-type.bundle.ui-testing";
		};
/* End PBXNativeTarget section */

/* Begin PBXProject section */
		375B0DDD1E6F05630061100F /* Project object */ = {
			isa = PBXProject;
			attributes = {
				LastSwiftUpdateCheck = 0820;
				LastUpgradeCheck = 0820;
				ORGANIZATIONNAME = "松村泰地";
				TargetAttributes = {
					375B0DE41E6F05630061100F = {
						CreatedOnToolsVersion = 8.2.1;
						ProvisioningStyle = Automatic;
					};
					375B0DF81E6F05640061100F = {
						CreatedOnToolsVersion = 8.2.1;
						ProvisioningStyle = Automatic;
						TestTargetID = 375B0DE41E6F05630061100F;
					};
					375B0E031E6F05640061100F = {
						CreatedOnToolsVersion = 8.2.1;
						ProvisioningStyle = Automatic;
						TestTargetID = 375B0DE41E6F05630061100F;
					};
				};
			};
			buildConfigurationList = 375B0DE01E6F05630061100F /* Build configuration list for PBXProject "SimpleBrowser" */;
			compatibilityVersion = "Xcode 3.2";
			developmentRegion = English;
			hasScannedForEncodings = 0;
			knownRegions = (
				en,
				Base,
			);
			mainGroup = 375B0DDC1E6F05630061100F;
			productRefGroup = 375B0DE61E6F05640061100F /* Products */;
			projectDirPath = "";
			projectRoot = "";
			targets = (
				375B0DE41E6F05630061100F /* SimpleBrowser */,
				375B0DF81E6F05640061100F /* SimpleBrowserTests */,
				375B0E031E6F05640061100F /* SimpleBrowserUITests */,
			);
		};
/* End PBXProject section */

/* Begin PBXResourcesBuildPhase section */
		375B0DE31E6F05630061100F /* Resources */ = {
			isa = PBXResourcesBuildPhase;
			buildActionMask = 2147483647;
			files = (
				375B0DF31E6F05640061100F /* LaunchScreen.storyboard in Resources */,
				375B0DF01E6F05640061100F /* Assets.xcassets in Resources */,
				375B0DEE1E6F05640061100F /* Main.storyboard in Resources */,
			);
			runOnlyForDeploymentPostprocessing = 0;
		};
		375B0DF71E6F05640061100F /* Resources */ = {
			isa = PBXResourcesBuildPhase;
			buildActionMask = 2147483647;
			files = (
			);
			runOnlyForDeploymentPostprocessing = 0;
		};
		375B0E021E6F05640061100F /* Resources */ = {
			isa = PBXResourcesBuildPhase;
			buildActionMask = 2147483647;
			files = (
			);
			runOnlyForDeploymentPostprocessing = 0;
		};
/* End PBXResourcesBuildPhase section */

/* Begin PBXSourcesBuildPhase section */
		375B0DE11E6F05630061100F /* Sources */ = {
			isa = PBXSourcesBuildPhase;
			buildActionMask = 2147483647;
			files = (
				375B0DEB1E6F05640061100F /* ViewController.swift in Sources */,
				375B0DE91E6F05640061100F /* AppDelegate.swift in Sources */,
			);
			runOnlyForDeploymentPostprocessing = 0;
		};
		375B0DF51E6F05640061100F /* Sources */ = {
			isa = PBXSourcesBuildPhase;
			buildActionMask = 2147483647;
			files = (
				375B0DFE1E6F05640061100F /* SimpleBrowserTests.swift in Sources */,
			);
			runOnlyForDeploymentPostprocessing = 0;
		};
		375B0E001E6F05640061100F /* Sources */ = {
			isa = PBXSourcesBuildPhase;
			buildActionMask = 2147483647;
			files = (
				375B0E091E6F05640061100F /* SimpleBrowserUITests.swift in Sources */,
			);
			runOnlyForDeploymentPostprocessing = 0;
		};
/* End PBXSourcesBuildPhase section */

/* Begin PBXTargetDependency section */
		375B0DFB1E6F05640061100F /* PBXTargetDependency */ = {
			isa = PBXTargetDependency;
			target = 375B0DE41E6F05630061100F /* SimpleBrowser */;
			targetProxy = 375B0DFA1E6F05640061100F /* PBXContainerItemProxy */;
		};
		375B0E061E6F05640061100F /* PBXTargetDependency */ = {
			isa = PBXTargetDependency;
			target = 375B0DE41E6F05630061100F /* SimpleBrowser */;
			targetProxy = 375B0E051E6F05640061100F /* PBXContainerItemProxy */;
		};
/* End PBXTargetDependency section */

/* Begin PBXVariantGroup section */
		375B0DEC1E6F05640061100F /* Main.storyboard */ = {
			isa = PBXVariantGroup;
			children = (
				375B0DED1E6F05640061100F /* Base */,
			);
			name = Main.storyboard;
			sourceTree = "<group>";
		};
		375B0DF11E6F05640061100F /* LaunchScreen.storyboard */ = {
			isa = PBXVariantGroup;
			children = (
				375B0DF21E6F05640061100F /* Base */,
			);
			name = LaunchScreen.storyboard;
			sourceTree = "<group>";
		};
/* End PBXVariantGroup section */

/* Begin XCBuildConfiguration section */
		375B0E0B1E6F05640061100F /* Debug */ = {
			isa = XCBuildConfiguration;
			buildSettings = {
				ALWAYS_SEARCH_USER_PATHS = NO;
				CLANG_ANALYZER_NONNULL = YES;
				CLANG_CXX_LANGUAGE_STANDARD = "gnu++0x";
				CLANG_CXX_LIBRARY = "libc++";
				CLANG_ENABLE_MODULES = YES;
				CLANG_ENABLE_OBJC_ARC = YES;
				CLANG_WARN_BOOL_CONVERSION = YES;
				CLANG_WARN_CONSTANT_CONVERSION = YES;
				CLANG_WARN_DIRECT_OBJC_ISA_USAGE = YES_ERROR;
				CLANG_WARN_DOCUMENTATION_COMMENTS = YES;
				CLANG_WARN_EMPTY_BODY = YES;
				CLANG_WARN_ENUM_CONVERSION = YES;
				CLANG_WARN_INFINITE_RECURSION = YES;
				CLANG_WARN_INT_CONVERSION = YES;
				CLANG_WARN_OBJC_ROOT_CLASS = YES_ERROR;
				CLANG_WARN_SUSPICIOUS_MOVE = YES;
				CLANG_WARN_UNREACHABLE_CODE = YES;
				CLANG_WARN__DUPLICATE_METHOD_MATCH = YES;
				"CODE_SIGN_IDENTITY[sdk=iphoneos*]" = "iPhone Developer";
				COPY_PHASE_STRIP = NO;
				DEBUG_INFORMATION_FORMAT = dwarf;
				ENABLE_STRICT_OBJC_MSGSEND = YES;
				ENABLE_TESTABILITY = YES;
				GCC_C_LANGUAGE_STANDARD = gnu99;
				GCC_DYNAMIC_NO_PIC = NO;
				GCC_NO_COMMON_BLOCKS = YES;
				GCC_OPTIMIZATION_LEVEL = 0;
				GCC_PREPROCESSOR_DEFINITIONS = (
					"DEBUG=1",
					"$(inherited)",
				);
				GCC_WARN_64_TO_32_BIT_CONVERSION = YES;
				GCC_WARN_ABOUT_RETURN_TYPE = YES_ERROR;
				GCC_WARN_UNDECLARED_SELECTOR = YES;
				GCC_WARN_UNINITIALIZED_AUTOS = YES_AGGRESSIVE;
				GCC_WARN_UNUSED_FUNCTION = YES;
				GCC_WARN_UNUSED_VARIABLE = YES;
				IPHONEOS_DEPLOYMENT_TARGET = 10.2;
				MTL_ENABLE_DEBUG_INFO = YES;
				ONLY_ACTIVE_ARCH = YES;
				SDKROOT = iphoneos;
				SWIFT_ACTIVE_COMPILATION_CONDITIONS = DEBUG;
				SWIFT_OPTIMIZATION_LEVEL = "-Onone";
			};
			name = Debug;
		};
		375B0E0C1E6F05640061100F /* Release */ = {
			isa = XCBuildConfiguration;
			buildSettings = {
				ALWAYS_SEARCH_USER_PATHS = NO;
				CLANG_ANALYZER_NONNULL = YES;
				CLANG_CXX_LANGUAGE_STANDARD = "gnu++0x";
				CLANG_CXX_LIBRARY = "libc++";
				CLANG_ENABLE_MODULES = YES;
				CLANG_ENABLE_OBJC_ARC = YES;
				CLANG_WARN_BOOL_CONVERSION = YES;
				CLANG_WARN_CONSTANT_CONVERSION = YES;
				CLANG_WARN_DIRECT_OBJC_ISA_USAGE = YES_ERROR;
				CLANG_WARN_DOCUMENTATION_COMMENTS = YES;
				CLANG_WARN_EMPTY_BODY = YES;
				CLANG_WARN_ENUM_CONVERSION = YES;
				CLANG_WARN_INFINITE_RECURSION = YES;
				CLANG_WARN_INT_CONVERSION = YES;
				CLANG_WARN_OBJC_ROOT_CLASS = YES_ERROR;
				CLANG_WARN_SUSPICIOUS_MOVE = YES;
				CLANG_WARN_UNREACHABLE_CODE = YES;
				CLANG_WARN__DUPLICATE_METHOD_MATCH = YES;
				"CODE_SIGN_IDENTITY[sdk=iphoneos*]" = "iPhone Developer";
				COPY_PHASE_STRIP = NO;
				DEBUG_INFORMATION_FORMAT = "dwarf-with-dsym";
				ENABLE_NS_ASSERTIONS = NO;
				ENABLE_STRICT_OBJC_MSGSEND = YES;
				GCC_C_LANGUAGE_STANDARD = gnu99;
				GCC_NO_COMMON_BLOCKS = YES;
				GCC_WARN_64_TO_32_BIT_CONVERSION = YES;
				GCC_WARN_ABOUT_RETURN_TYPE = YES_ERROR;
				GCC_WARN_UNDECLARED_SELECTOR = YES;
				GCC_WARN_UNINITIALIZED_AUTOS = YES_AGGRESSIVE;
				GCC_WARN_UNUSED_FUNCTION = YES;
				GCC_WARN_UNUSED_VARIABLE = YES;
				IPHONEOS_DEPLOYMENT_TARGET = 10.2;
				MTL_ENABLE_DEBUG_INFO = NO;
				SDKROOT = iphoneos;
				SWIFT_OPTIMIZATION_LEVEL = "-Owholemodule";
				VALIDATE_PRODUCT = YES;
			};
			name = Release;
		};
		375B0E0E1E6F05640061100F /* Debug */ = {
			isa = XCBuildConfiguration;
			buildSettings = {
				ASSETCATALOG_COMPILER_APPICON_NAME = AppIcon;
				INFOPLIST_FILE = SimpleBrowser/Info.plist;
				LD_RUNPATH_SEARCH_PATHS = "$(inherited) @executable_path/Frameworks";
				PRODUCT_BUNDLE_IDENTIFIER = com.example.SimpleBrowser;
				PRODUCT_NAME = "$(TARGET_NAME)";
				SWIFT_VERSION = 3.0;
			};
			name = Debug;
		};
		375B0E0F1E6F05640061100F /* Release */ = {
			isa = XCBuildConfiguration;
			buildSettings = {
				ASSETCATALOG_COMPILER_APPICON_NAME = AppIcon;
				INFOPLIST_FILE = SimpleBrowser/Info.plist;
				LD_RUNPATH_SEARCH_PATHS = "$(inherited) @executable_path/Frameworks";
				PRODUCT_BUNDLE_IDENTIFIER = com.example.SimpleBrowser;
				PRODUCT_NAME = "$(TARGET_NAME)";
				SWIFT_VERSION = 3.0;
			};
			name = Release;
		};
		375B0E111E6F05640061100F /* Debug */ = {
			isa = XCBuildConfiguration;
			buildSettings = {
				ALWAYS_EMBED_SWIFT_STANDARD_LIBRARIES = YES;
				BUNDLE_LOADER = "$(TEST_HOST)";
				INFOPLIST_FILE = SimpleBrowserTests/Info.plist;
				LD_RUNPATH_SEARCH_PATHS = "$(inherited) @executable_path/Frameworks @loader_path/Frameworks";
				PRODUCT_BUNDLE_IDENTIFIER = com.example.SimpleBrowserTests;
				PRODUCT_NAME = "$(TARGET_NAME)";
				SWIFT_VERSION = 3.0;
				TEST_HOST = "$(BUILT_PRODUCTS_DIR)/SimpleBrowser.app/SimpleBrowser";
			};
			name = Debug;
		};
		375B0E121E6F05640061100F /* Release */ = {
			isa = XCBuildConfiguration;
			buildSettings = {
				ALWAYS_EMBED_SWIFT_STANDARD_LIBRARIES = YES;
				BUNDLE_LOADER = "$(TEST_HOST)";
				INFOPLIST_FILE = SimpleBrowserTests/Info.plist;
				LD_RUNPATH_SEARCH_PATHS = "$(inherited) @executable_path/Frameworks @loader_path/Frameworks";
				PRODUCT_BUNDLE_IDENTIFIER = com.example.SimpleBrowserTests;
				PRODUCT_NAME = "$(TARGET_NAME)";
				SWIFT_VERSION = 3.0;
				TEST_HOST = "$(BUILT_PRODUCTS_DIR)/SimpleBrowser.app/SimpleBrowser";
			};
			name = Release;
		};
		375B0E141E6F05640061100F /* Debug */ = {
			isa = XCBuildConfiguration;
			buildSettings = {
				ALWAYS_EMBED_SWIFT_STANDARD_LIBRARIES = YES;
				INFOPLIST_FILE = SimpleBrowserUITests/Info.plist;
				LD_RUNPATH_SEARCH_PATHS = "$(inherited) @executable_path/Frameworks @loader_path/Frameworks";
				PRODUCT_BUNDLE_IDENTIFIER = com.example.SimpleBrowserUITests;
				PRODUCT_NAME = "$(TARGET_NAME)";
				SWIFT_VERSION = 3.0;
				TEST_TARGET_NAME = SimpleBrowser;
			};
			name = Debug;
		};
		375B0E151E6F05640061100F /* Release */ = {
			isa = XCBuildConfiguration;
			buildSettings = {
				ALWAYS_EMBED_SWIFT_STANDARD_LIBRARIES = YES;
				INFOPLIST_FILE = SimpleBrowserUITests/Info.plist;
				LD_RUNPATH_SEARCH_PATHS = "$(inherited) @executable_path/Frameworks @loader_path/Frameworks";
				PRODUCT_BUNDLE_IDENTIFIER = com.example.SimpleBrowserUITests;
				PRODUCT_NAME = "$(TARGET_NAME)";
				SWIFT_VERSION = 3.0;
				TEST_TARGET_NAME = SimpleBrowser;
			};
			name = Release;
		};
/* End XCBuildConfiguration section */

/* Begin XCConfigurationList section */
		375B0DE01E6F05630061100F /* Build configuration list for PBXProject "SimpleBrowser" */ = {
			isa = XCConfigurationList;
			buildConfigurations = (
				375B0E0B1E6F05640061100F /* Debug */,
				375B0E0C1E6F05640061100F /* Release */,
			);
			defaultConfigurationIsVisible = 0;
			defaultConfigurationName = Release;
		};
		375B0E0D1E6F05640061100F /* Build configuration list for PBXNativeTarget "SimpleBrowser" */ = {
			isa = XCConfigurationList;
			buildConfigurations = (
				375B0E0E1E6F05640061100F /* Debug */,
				375B0E0F1E6F05640061100F /* Release */,
			);
			defaultConfigurationIsVisible = 0;
		};
		375B0E101E6F05640061100F /* Build configuration list for PBXNativeTarget "SimpleBrowserTests" */ = {
			isa = XCConfigurationList;
			buildConfigurations = (
				375B0E111E6F05640061100F /* Debug */,
				375B0E121E6F05640061100F /* Release */,
			);
			defaultConfigurationIsVisible = 0;
		};
		375B0E131E6F05640061100F /* Build configuration list for PBXNativeTarget "SimpleBrowserUITests" */ = {
			isa = XCConfigurationList;
			buildConfigurations = (
				375B0E141E6F05640061100F /* Debug */,
				375B0E151E6F05640061100F /* Release */,
			);
			defaultConfigurationIsVisible = 0;
		};
/* End XCConfigurationList section */
	};
	rootObject = 375B0DDD1E6F05630061100F /* Project object */;
}
